{
  "object": {
    "pins": [
      {
        "package": "BMO",
        "repositoryURL": "https://github.com/Frizlab/BMO.git",
        "state": {
          "branch": "dev.bmo2",
          "revision": "4864ec4166df30ae23930601b9fd2eedec9a562c",
          "version": null
        }
      }
    ]
  },
  "version": 1
}
