{
  "object": {
    "pins": [
      {
        "package": "BMO",
        "repositoryURL": "https://github.com/Frizlab/BMO.git",
        "state": {
          "branch": "dev.bmo2",
          "revision": "f722babaab02011e9f19ddb05a9ff53403f5d6a8",
          "version": null
        }
      }
    ]
  },
  "version": 1
}
