{
  "object": {
    "pins": [
      {
        "package": "BMO",
        "repositoryURL": "https://github.com/Frizlab/BMO.git",
        "state": {
          "branch": "dev.bmo2",
          "revision": "ec34dd29ee40d16b1c834bf06236bc73b26db243",
          "version": null
        }
      }
    ]
  },
  "version": 1
}
